
Microsoft Visual Studio Solution File, Format Version 12.00
# Visual Studio Version 16
VisualStudioVersion = 16.0.30804.86
MinimumVisualStudioVersion = 10.0.40219.1
Project("{9A19103F-16F7-4668-BE54-9A1E7A4F7556}") = "Kampİntro", "Kampİntro\Kampİntro.csproj", "{444D2B8D-86FA-4486-A619-9638EC2547C9}"
EndProject
Project("{9A19103F-16F7-4668-BE54-9A1E7A4F7556}") = "Donguler", "Donguler\Donguler.csproj", "{62F10E80-7BEF-4E42-988D-91F75B04D4C2}"
EndProject
Project("{9A19103F-16F7-4668-BE54-9A1E7A4F7556}") = "Classİntro", "Classİntro\Classİntro.csproj", "{15E440ED-0434-4C5B-8D76-3B6A522C3429}"
EndProject
Project("{9A19103F-16F7-4668-BE54-9A1E7A4F7556}") = "Metotlarr", "Metotlarr\Metotlarr.csproj", "{3F469BD5-F3D5-4C69-9716-B7F9C2E3369A}"
EndProject
Project("{9A19103F-16F7-4668-BE54-9A1E7A4F7556}") = "Matematik", "Matematik\Matematik.csproj", "{368674C7-FF30-4518-9520-971691EB9B7F}"
EndProject
Project("{9A19103F-16F7-4668-BE54-9A1E7A4F7556}") = "DegerVeReferansTipler", "DegerVeReferansTipler\DegerVeReferansTipler.csproj", "{107C5BF5-4778-4DB8-B5CD-22CA6519A3ED}"
EndProject
Project("{9A19103F-16F7-4668-BE54-9A1E7A4F7556}") = "Metot2", "Metot2\Metot2.csproj", "{06A5A93E-7B72-4D08-88EE-4FADF2654F14}"
EndProject
Project("{9A19103F-16F7-4668-BE54-9A1E7A4F7556}") = "ClassMetotDemo", "ClassMetotDemo\ClassMetotDemo.csproj", "{B600090C-7C1F-46B9-AD53-366BF19A4434}"
EndProject
Project("{9A19103F-16F7-4668-BE54-9A1E7A4F7556}") = "OOP1", "OOP1\OOP1.csproj", "{A12748B2-B81D-42C5-A619-2DEC9F3E9D7B}"
EndProject
Project("{9A19103F-16F7-4668-BE54-9A1E7A4F7556}") = "Koleksiyonlar", "Koleksiyonlar\Koleksiyonlar.csproj", "{FC8DAF37-59EC-4D31-B67C-0748EA8E4179}"
EndProject
Project("{9A19103F-16F7-4668-BE54-9A1E7A4F7556}") = "GenericsIntro", "GenericsIntro\GenericsIntro.csproj", "{6A5043D6-294D-498D-B410-0FC0FAE185AA}"
EndProject
Project("{FAE04EC0-301F-11D3-BF4B-00C04F79EFBC}") = "OOP2", "OOP2\OOP2.csproj", "{4618743E-7BA1-4527-80AA-57B501CE963E}"
EndProject
Project("{FAE04EC0-301F-11D3-BF4B-00C04F79EFBC}") = "OOP3", "OOP3\OOP3.csproj", "{3CC9B794-47F8-425B-A309-9E42C542A25F}"
EndProject
Global
	GlobalSection(SolutionConfigurationPlatforms) = preSolution
		Debug|Any CPU = Debug|Any CPU
		Release|Any CPU = Release|Any CPU
	EndGlobalSection
	GlobalSection(ProjectConfigurationPlatforms) = postSolution
		{444D2B8D-86FA-4486-A619-9638EC2547C9}.Debug|Any CPU.ActiveCfg = Debug|Any CPU
		{444D2B8D-86FA-4486-A619-9638EC2547C9}.Debug|Any CPU.Build.0 = Debug|Any CPU
		{444D2B8D-86FA-4486-A619-9638EC2547C9}.Release|Any CPU.ActiveCfg = Release|Any CPU
		{444D2B8D-86FA-4486-A619-9638EC2547C9}.Release|Any CPU.Build.0 = Release|Any CPU
		{62F10E80-7BEF-4E42-988D-91F75B04D4C2}.Debug|Any CPU.ActiveCfg = Debug|Any CPU
		{62F10E80-7BEF-4E42-988D-91F75B04D4C2}.Debug|Any CPU.Build.0 = Debug|Any CPU
		{62F10E80-7BEF-4E42-988D-91F75B04D4C2}.Release|Any CPU.ActiveCfg = Release|Any CPU
		{62F10E80-7BEF-4E42-988D-91F75B04D4C2}.Release|Any CPU.Build.0 = Release|Any CPU
		{15E440ED-0434-4C5B-8D76-3B6A522C3429}.Debug|Any CPU.ActiveCfg = Debug|Any CPU
		{15E440ED-0434-4C5B-8D76-3B6A522C3429}.Debug|Any CPU.Build.0 = Debug|Any CPU
		{15E440ED-0434-4C5B-8D76-3B6A522C3429}.Release|Any CPU.ActiveCfg = Release|Any CPU
		{15E440ED-0434-4C5B-8D76-3B6A522C3429}.Release|Any CPU.Build.0 = Release|Any CPU
		{3F469BD5-F3D5-4C69-9716-B7F9C2E3369A}.Debug|Any CPU.ActiveCfg = Debug|Any CPU
		{3F469BD5-F3D5-4C69-9716-B7F9C2E3369A}.Debug|Any CPU.Build.0 = Debug|Any CPU
		{3F469BD5-F3D5-4C69-9716-B7F9C2E3369A}.Release|Any CPU.ActiveCfg = Release|Any CPU
		{3F469BD5-F3D5-4C69-9716-B7F9C2E3369A}.Release|Any CPU.Build.0 = Release|Any CPU
		{368674C7-FF30-4518-9520-971691EB9B7F}.Debug|Any CPU.ActiveCfg = Debug|Any CPU
		{368674C7-FF30-4518-9520-971691EB9B7F}.Debug|Any CPU.Build.0 = Debug|Any CPU
		{368674C7-FF30-4518-9520-971691EB9B7F}.Release|Any CPU.ActiveCfg = Release|Any CPU
		{368674C7-FF30-4518-9520-971691EB9B7F}.Release|Any CPU.Build.0 = Release|Any CPU
		{107C5BF5-4778-4DB8-B5CD-22CA6519A3ED}.Debug|Any CPU.ActiveCfg = Debug|Any CPU
		{107C5BF5-4778-4DB8-B5CD-22CA6519A3ED}.Debug|Any CPU.Build.0 = Debug|Any CPU
		{107C5BF5-4778-4DB8-B5CD-22CA6519A3ED}.Release|Any CPU.ActiveCfg = Release|Any CPU
		{107C5BF5-4778-4DB8-B5CD-22CA6519A3ED}.Release|Any CPU.Build.0 = Release|Any CPU
		{06A5A93E-7B72-4D08-88EE-4FADF2654F14}.Debug|Any CPU.ActiveCfg = Debug|Any CPU
		{06A5A93E-7B72-4D08-88EE-4FADF2654F14}.Debug|Any CPU.Build.0 = Debug|Any CPU
		{06A5A93E-7B72-4D08-88EE-4FADF2654F14}.Release|Any CPU.ActiveCfg = Release|Any CPU
		{06A5A93E-7B72-4D08-88EE-4FADF2654F14}.Release|Any CPU.Build.0 = Release|Any CPU
		{B600090C-7C1F-46B9-AD53-366BF19A4434}.Debug|Any CPU.ActiveCfg = Debug|Any CPU
		{B600090C-7C1F-46B9-AD53-366BF19A4434}.Debug|Any CPU.Build.0 = Debug|Any CPU
		{B600090C-7C1F-46B9-AD53-366BF19A4434}.Release|Any CPU.ActiveCfg = Release|Any CPU
		{B600090C-7C1F-46B9-AD53-366BF19A4434}.Release|Any CPU.Build.0 = Release|Any CPU
		{A12748B2-B81D-42C5-A619-2DEC9F3E9D7B}.Debug|Any CPU.ActiveCfg = Debug|Any CPU
		{A12748B2-B81D-42C5-A619-2DEC9F3E9D7B}.Debug|Any CPU.Build.0 = Debug|Any CPU
		{A12748B2-B81D-42C5-A619-2DEC9F3E9D7B}.Release|Any CPU.ActiveCfg = Release|Any CPU
		{A12748B2-B81D-42C5-A619-2DEC9F3E9D7B}.Release|Any CPU.Build.0 = Release|Any CPU
		{FC8DAF37-59EC-4D31-B67C-0748EA8E4179}.Debug|Any CPU.ActiveCfg = Debug|Any CPU
		{FC8DAF37-59EC-4D31-B67C-0748EA8E4179}.Debug|Any CPU.Build.0 = Debug|Any CPU
		{FC8DAF37-59EC-4D31-B67C-0748EA8E4179}.Release|Any CPU.ActiveCfg = Release|Any CPU
		{FC8DAF37-59EC-4D31-B67C-0748EA8E4179}.Release|Any CPU.Build.0 = Release|Any CPU
		{6A5043D6-294D-498D-B410-0FC0FAE185AA}.Debug|Any CPU.ActiveCfg = Debug|Any CPU
		{6A5043D6-294D-498D-B410-0FC0FAE185AA}.Debug|Any CPU.Build.0 = Debug|Any CPU
		{6A5043D6-294D-498D-B410-0FC0FAE185AA}.Release|Any CPU.ActiveCfg = Release|Any CPU
		{6A5043D6-294D-498D-B410-0FC0FAE185AA}.Release|Any CPU.Build.0 = Release|Any CPU
		{4618743E-7BA1-4527-80AA-57B501CE963E}.Debug|Any CPU.ActiveCfg = Debug|Any CPU
		{4618743E-7BA1-4527-80AA-57B501CE963E}.Debug|Any CPU.Build.0 = Debug|Any CPU
		{4618743E-7BA1-4527-80AA-57B501CE963E}.Release|Any CPU.ActiveCfg = Release|Any CPU
		{4618743E-7BA1-4527-80AA-57B501CE963E}.Release|Any CPU.Build.0 = Release|Any CPU
		{3CC9B794-47F8-425B-A309-9E42C542A25F}.Debug|Any CPU.ActiveCfg = Debug|Any CPU
		{3CC9B794-47F8-425B-A309-9E42C542A25F}.Debug|Any CPU.Build.0 = Debug|Any CPU
		{3CC9B794-47F8-425B-A309-9E42C542A25F}.Release|Any CPU.ActiveCfg = Release|Any CPU
		{3CC9B794-47F8-425B-A309-9E42C542A25F}.Release|Any CPU.Build.0 = Release|Any CPU
	EndGlobalSection
	GlobalSection(SolutionProperties) = preSolution
		HideSolutionNode = FALSE
	EndGlobalSection
	GlobalSection(ExtensibilityGlobals) = postSolution
		SolutionGuid = {64557CB7-3D63-49AA-8FA0-12823F5F572C}
	EndGlobalSection
EndGlobal
