
Microsoft Visual Studio Solution File, Format Version 12.00
# Visual Studio Version 16
VisualStudioVersion = 16.0.30804.86
MinimumVisualStudioVersion = 10.0.40219.1
Project("{9A19103F-16F7-4668-BE54-9A1E7A4F7556}") = "Kampİntro", "Kampİntro\Kampİntro.csproj", "{444D2B8D-86FA-4486-A619-9638EC2547C9}"
EndProject
Project("{9A19103F-16F7-4668-BE54-9A1E7A4F7556}") = "Donguler", "Donguler\Donguler.csproj", "{62F10E80-7BEF-4E42-988D-91F75B04D4C2}"
EndProject
Project("{9A19103F-16F7-4668-BE54-9A1E7A4F7556}") = "Classİntro", "Classİntro\Classİntro.csproj", "{15E440ED-0434-4C5B-8D76-3B6A522C3429}"
EndProject
Project("{FAE04EC0-301F-11D3-BF4B-00C04F79EFBC}") = "Metotlarr", "Metotlarr\Metotlarr.csproj", "{3F469BD5-F3D5-4C69-9716-B7F9C2E3369A}"
EndProject
Project("{FAE04EC0-301F-11D3-BF4B-00C04F79EFBC}") = "Matematik", "Matematik\Matematik.csproj", "{368674C7-FF30-4518-9520-971691EB9B7F}"
EndProject
Project("{FAE04EC0-301F-11D3-BF4B-00C04F79EFBC}") = "DegerVeReferansTipler", "DegerVeReferansTipler\DegerVeReferansTipler.csproj", "{107C5BF5-4778-4DB8-B5CD-22CA6519A3ED}"
EndProject
Global
	GlobalSection(SolutionConfigurationPlatforms) = preSolution
		Debug|Any CPU = Debug|Any CPU
		Release|Any CPU = Release|Any CPU
	EndGlobalSection
	GlobalSection(ProjectConfigurationPlatforms) = postSolution
		{444D2B8D-86FA-4486-A619-9638EC2547C9}.Debug|Any CPU.ActiveCfg = Debug|Any CPU
		{444D2B8D-86FA-4486-A619-9638EC2547C9}.Debug|Any CPU.Build.0 = Debug|Any CPU
		{444D2B8D-86FA-4486-A619-9638EC2547C9}.Release|Any CPU.ActiveCfg = Release|Any CPU
		{444D2B8D-86FA-4486-A619-9638EC2547C9}.Release|Any CPU.Build.0 = Release|Any CPU
		{62F10E80-7BEF-4E42-988D-91F75B04D4C2}.Debug|Any CPU.ActiveCfg = Debug|Any CPU
		{62F10E80-7BEF-4E42-988D-91F75B04D4C2}.Debug|Any CPU.Build.0 = Debug|Any CPU
		{62F10E80-7BEF-4E42-988D-91F75B04D4C2}.Release|Any CPU.ActiveCfg = Release|Any CPU
		{62F10E80-7BEF-4E42-988D-91F75B04D4C2}.Release|Any CPU.Build.0 = Release|Any CPU
		{15E440ED-0434-4C5B-8D76-3B6A522C3429}.Debug|Any CPU.ActiveCfg = Debug|Any CPU
		{15E440ED-0434-4C5B-8D76-3B6A522C3429}.Debug|Any CPU.Build.0 = Debug|Any CPU
		{15E440ED-0434-4C5B-8D76-3B6A522C3429}.Release|Any CPU.ActiveCfg = Release|Any CPU
		{15E440ED-0434-4C5B-8D76-3B6A522C3429}.Release|Any CPU.Build.0 = Release|Any CPU
		{3F469BD5-F3D5-4C69-9716-B7F9C2E3369A}.Debug|Any CPU.ActiveCfg = Debug|Any CPU
		{3F469BD5-F3D5-4C69-9716-B7F9C2E3369A}.Debug|Any CPU.Build.0 = Debug|Any CPU
		{3F469BD5-F3D5-4C69-9716-B7F9C2E3369A}.Release|Any CPU.ActiveCfg = Release|Any CPU
		{3F469BD5-F3D5-4C69-9716-B7F9C2E3369A}.Release|Any CPU.Build.0 = Release|Any CPU
		{368674C7-FF30-4518-9520-971691EB9B7F}.Debug|Any CPU.ActiveCfg = Debug|Any CPU
		{368674C7-FF30-4518-9520-971691EB9B7F}.Debug|Any CPU.Build.0 = Debug|Any CPU
		{368674C7-FF30-4518-9520-971691EB9B7F}.Release|Any CPU.ActiveCfg = Release|Any CPU
		{368674C7-FF30-4518-9520-971691EB9B7F}.Release|Any CPU.Build.0 = Release|Any CPU
		{107C5BF5-4778-4DB8-B5CD-22CA6519A3ED}.Debug|Any CPU.ActiveCfg = Debug|Any CPU
		{107C5BF5-4778-4DB8-B5CD-22CA6519A3ED}.Debug|Any CPU.Build.0 = Debug|Any CPU
		{107C5BF5-4778-4DB8-B5CD-22CA6519A3ED}.Release|Any CPU.ActiveCfg = Release|Any CPU
		{107C5BF5-4778-4DB8-B5CD-22CA6519A3ED}.Release|Any CPU.Build.0 = Release|Any CPU
	EndGlobalSection
	GlobalSection(SolutionProperties) = preSolution
		HideSolutionNode = FALSE
	EndGlobalSection
	GlobalSection(ExtensibilityGlobals) = postSolution
		SolutionGuid = {64557CB7-3D63-49AA-8FA0-12823F5F572C}
	EndGlobalSection
EndGlobal
